
Microsoft Visual Studio Solution File, Format Version 9.00
# Visual Studio 2005
Project("{FAE04EC0-301F-11D3-BF4B-00C04F79EFBC}") = "mDNSBrowser", "mDNSBrowser\mDNSBrowser.csproj", "{30979C2C-22E6-4DC0-BAD8-B56FD92AC2FA}"
EndProject
Global
	GlobalSection(SolutionConfigurationPlatforms) = preSolution
		Debug|x86 = Debug|x86
		Release|x86 = Release|x86
	EndGlobalSection
	GlobalSection(ProjectConfigurationPlatforms) = postSolution
		{30979C2C-22E6-4DC0-BAD8-B56FD92AC2FA}.Debug|x86.ActiveCfg = Debug|x86
		{30979C2C-22E6-4DC0-BAD8-B56FD92AC2FA}.Debug|x86.Build.0 = Debug|x86
		{30979C2C-22E6-4DC0-BAD8-B56FD92AC2FA}.Release|x86.ActiveCfg = Release|x86
		{30979C2C-22E6-4DC0-BAD8-B56FD92AC2FA}.Release|x86.Build.0 = Release|x86
	EndGlobalSection
	GlobalSection(MonoDevelopProperties) = preSolution
		StartupItem = mDNSBrowser\mDNSBrowser.csproj
		Policies = $0
		$0.TextStylePolicy = $1
		$1.inheritsSet = Mono
		$1.inheritsScope = text/plain
		$1.scope = text/plain
		$0.TextStylePolicy = $2
		$2.inheritsSet = Mono
		$2.inheritsScope = text/plain
		$2.scope = text/x-csharp
		$0.CSharpFormattingPolicy = $3
		$3.inheritsSet = Mono
		$3.inheritsScope = text/x-csharp
		$3.scope = text/x-csharp
	EndGlobalSection
EndGlobal
